
Microsoft Visual Studio Solution File, Format Version 12.00
Project("{FAE04EC0-301F-11D3-BF4B-00C04F79EFBC}") = "Matrix", "Matrix\Matrix.csproj", "{E183DABE-5D81-4339-BFF6-DFAA1F13A060}"
EndProject
Global
	GlobalSection(SolutionConfigurationPlatforms) = preSolution
		Debug|Any CPU = Debug|Any CPU
		Release|Any CPU = Release|Any CPU
	EndGlobalSection
	GlobalSection(ProjectConfigurationPlatforms) = postSolution
		{E183DABE-5D81-4339-BFF6-DFAA1F13A060}.Debug|Any CPU.ActiveCfg = Debug|Any CPU
		{E183DABE-5D81-4339-BFF6-DFAA1F13A060}.Debug|Any CPU.Build.0 = Debug|Any CPU
		{E183DABE-5D81-4339-BFF6-DFAA1F13A060}.Release|Any CPU.ActiveCfg = Release|Any CPU
		{E183DABE-5D81-4339-BFF6-DFAA1F13A060}.Release|Any CPU.Build.0 = Release|Any CPU
	EndGlobalSection
EndGlobal
